// !$*UTF8*$!
{
	archiveVersion = 1;
	classes = {
	};
	objectVersion = 77;
	objects = {

/* Begin PBXContainerItemProxy section */
		C80276982E3CE8A60079B1D1 /* PBXContainerItemProxy */ = {
			isa = PBXContainerItemProxy;
			containerPortal = C802767F2E3CE8A40079B1D1 /* Project object */;
			proxyType = 1;
			remoteGlobalIDString = C80276862E3CE8A40079B1D1;
			remoteInfo = "LOTR-SwiftUI";
		};
		C80276A22E3CE8A60079B1D1 /* PBXContainerItemProxy */ = {
			isa = PBXContainerItemProxy;
			containerPortal = C802767F2E3CE8A40079B1D1 /* Project object */;
			proxyType = 1;
			remoteGlobalIDString = C80276862E3CE8A40079B1D1;
			remoteInfo = "LOTR-SwiftUI";
		};
/* End PBXContainerItemProxy section */

/* Begin PBXFileReference section */
		C80276872E3CE8A40079B1D1 /* LOTR-SwiftUI.app */ = {isa = PBXFileReference; explicitFileType = wrapper.application; includeInIndex = 0; path = "LOTR-SwiftUI.app"; sourceTree = BUILT_PRODUCTS_DIR; };
		C80276972E3CE8A60079B1D1 /* LOTR-SwiftUITests.xctest */ = {isa = PBXFileReference; explicitFileType = wrapper.cfbundle; includeInIndex = 0; path = "LOTR-SwiftUITests.xctest"; sourceTree = BUILT_PRODUCTS_DIR; };
		C80276A12E3CE8A60079B1D1 /* LOTR-SwiftUIUITests.xctest */ = {isa = PBXFileReference; explicitFileType = wrapper.cfbundle; includeInIndex = 0; path = "LOTR-SwiftUIUITests.xctest"; sourceTree = BUILT_PRODUCTS_DIR; };
/* End PBXFileReference section */

/* Begin PBXFileSystemSynchronizedRootGroup section */
		C80276892E3CE8A40079B1D1 /* LOTR-SwiftUI */ = {
			isa = PBXFileSystemSynchronizedRootGroup;
			path = "LOTR-SwiftUI";
			sourceTree = "<group>";
		};
		C802769A2E3CE8A60079B1D1 /* LOTR-SwiftUITests */ = {
			isa = PBXFileSystemSynchronizedRootGroup;
			path = "LOTR-SwiftUITests";
			sourceTree = "<group>";
		};
		C80276A42E3CE8A60079B1D1 /* LOTR-SwiftUIUITests */ = {
			isa = PBXFileSystemSynchronizedRootGroup;
			path = "LOTR-SwiftUIUITests";
			sourceTree = "<group>";
		};
/* End PBXFileSystemSynchronizedRootGroup section */

/* Begin PBXFrameworksBuildPhase section */
		C80276842E3CE8A40079B1D1 /* Frameworks */ = {
			isa = PBXFrameworksBuildPhase;
			buildActionMask = 2147483647;
			files = (
			);
			runOnlyForDeploymentPostprocessing = 0;
		};
		C80276942E3CE8A60079B1D1 /* Frameworks */ = {
			isa = PBXFrameworksBuildPhase;
			buildActionMask = 2147483647;
			files = (
			);
			runOnlyForDeploymentPostprocessing = 0;
		};
		C802769E2E3CE8A60079B1D1 /* Frameworks */ = {
			isa = PBXFrameworksBuildPhase;
			buildActionMask = 2147483647;
			files = (
			);
			runOnlyForDeploymentPostprocessing = 0;
		};
/* End PBXFrameworksBuildPhase section */

/* Begin PBXGroup section */
		C802767E2E3CE8A40079B1D1 = {
			isa = PBXGroup;
			children = (
				C80276892E3CE8A40079B1D1 /* LOTR-SwiftUI */,
				C802769A2E3CE8A60079B1D1 /* LOTR-SwiftUITests */,
				C80276A42E3CE8A60079B1D1 /* LOTR-SwiftUIUITests */,
				C80276882E3CE8A40079B1D1 /* Products */,
			);
			sourceTree = "<group>";
		};
		C80276882E3CE8A40079B1D1 /* Products */ = {
			isa = PBXGroup;
			children = (
				C80276872E3CE8A40079B1D1 /* LOTR-SwiftUI.app */,
				C80276972E3CE8A60079B1D1 /* LOTR-SwiftUITests.xctest */,
				C80276A12E3CE8A60079B1D1 /* LOTR-SwiftUIUITests.xctest */,
			);
			name = Products;
			sourceTree = "<group>";
		};
/* End PBXGroup section */

/* Begin PBXNativeTarget section */
		C80276862E3CE8A40079B1D1 /* LOTR-SwiftUI */ = {
			isa = PBXNativeTarget;
			buildConfigurationList = C80276AB2E3CE8A70079B1D1 /* Build configuration list for PBXNativeTarget "LOTR-SwiftUI" */;
			buildPhases = (
				C80276832E3CE8A40079B1D1 /* Sources */,
				C80276842E3CE8A40079B1D1 /* Frameworks */,
				C80276852E3CE8A40079B1D1 /* Resources */,
			);
			buildRules = (
			);
			dependencies = (
			);
			fileSystemSynchronizedGroups = (
				C80276892E3CE8A40079B1D1 /* LOTR-SwiftUI */,
			);
			name = "LOTR-SwiftUI";
			packageProductDependencies = (
			);
			productName = "LOTR-SwiftUI";
			productReference = C80276872E3CE8A40079B1D1 /* LOTR-SwiftUI.app */;
			productType = "com.apple.product-type.application";
		};
		C80276962E3CE8A60079B1D1 /* LOTR-SwiftUITests */ = {
			isa = PBXNativeTarget;
			buildConfigurationList = C80276AE2E3CE8A70079B1D1 /* Build configuration list for PBXNativeTarget "LOTR-SwiftUITests" */;
			buildPhases = (
				C80276932E3CE8A60079B1D1 /* Sources */,
				C80276942E3CE8A60079B1D1 /* Frameworks */,
				C80276952E3CE8A60079B1D1 /* Resources */,
			);
			buildRules = (
			);
			dependencies = (
				C80276992E3CE8A60079B1D1 /* PBXTargetDependency */,
			);
			fileSystemSynchronizedGroups = (
				C802769A2E3CE8A60079B1D1 /* LOTR-SwiftUITests */,
			);
			name = "LOTR-SwiftUITests";
			packageProductDependencies = (
			);
			productName = "LOTR-SwiftUITests";
			productReference = C80276972E3CE8A60079B1D1 /* LOTR-SwiftUITests.xctest */;
			productType = "com.apple.product-type.bundle.unit-test";
		};
		C80276A02E3CE8A60079B1D1 /* LOTR-SwiftUIUITests */ = {
			isa = PBXNativeTarget;
			buildConfigurationList = C80276B12E3CE8A70079B1D1 /* Build configuration list for PBXNativeTarget "LOTR-SwiftUIUITests" */;
			buildPhases = (
				C802769D2E3CE8A60079B1D1 /* Sources */,
				C802769E2E3CE8A60079B1D1 /* Frameworks */,
				C802769F2E3CE8A60079B1D1 /* Resources */,
			);
			buildRules = (
			);
			dependencies = (
				C80276A32E3CE8A60079B1D1 /* PBXTargetDependency */,
			);
			fileSystemSynchronizedGroups = (
				C80276A42E3CE8A60079B1D1 /* LOTR-SwiftUIUITests */,
			);
			name = "LOTR-SwiftUIUITests";
			packageProductDependencies = (
			);
			productName = "LOTR-SwiftUIUITests";
			productReference = C80276A12E3CE8A60079B1D1 /* LOTR-SwiftUIUITests.xctest */;
			productType = "com.apple.product-type.bundle.ui-testing";
		};
/* End PBXNativeTarget section */

/* Begin PBXProject section */
		C802767F2E3CE8A40079B1D1 /* Project object */ = {
			isa = PBXProject;
			attributes = {
				BuildIndependentTargetsInParallel = 1;
				LastSwiftUpdateCheck = 1610;
				LastUpgradeCheck = 1610;
				TargetAttributes = {
					C80276862E3CE8A40079B1D1 = {
						CreatedOnToolsVersion = 16.1;
					};
					C80276962E3CE8A60079B1D1 = {
						CreatedOnToolsVersion = 16.1;
						TestTargetID = C80276862E3CE8A40079B1D1;
					};
					C80276A02E3CE8A60079B1D1 = {
						CreatedOnToolsVersion = 16.1;
						TestTargetID = C80276862E3CE8A40079B1D1;
					};
				};
			};
			buildConfigurationList = C80276822E3CE8A40079B1D1 /* Build configuration list for PBXProject "LOTR-SwiftUI" */;
			developmentRegion = en;
			hasScannedForEncodings = 0;
			knownRegions = (
				en,
				Base,
			);
			mainGroup = C802767E2E3CE8A40079B1D1;
			minimizedProjectReferenceProxies = 1;
			preferredProjectObjectVersion = 77;
			productRefGroup = C80276882E3CE8A40079B1D1 /* Products */;
			projectDirPath = "";
			projectRoot = "";
			targets = (
				C80276862E3CE8A40079B1D1 /* LOTR-SwiftUI */,
				C80276962E3CE8A60079B1D1 /* LOTR-SwiftUITests */,
				C80276A02E3CE8A60079B1D1 /* LOTR-SwiftUIUITests */,
			);
		};
/* End PBXProject section */

/* Begin PBXResourcesBuildPhase section */
		C80276852E3CE8A40079B1D1 /* Resources */ = {
			isa = PBXResourcesBuildPhase;
			buildActionMask = 2147483647;
			files = (
			);
			runOnlyForDeploymentPostprocessing = 0;
		};
		C80276952E3CE8A60079B1D1 /* Resources */ = {
			isa = PBXResourcesBuildPhase;
			buildActionMask = 2147483647;
			files = (
			);
			runOnlyForDeploymentPostprocessing = 0;
		};
		C802769F2E3CE8A60079B1D1 /* Resources */ = {
			isa = PBXResourcesBuildPhase;
			buildActionMask = 2147483647;
			files = (
			);
			runOnlyForDeploymentPostprocessing = 0;
		};
/* End PBXResourcesBuildPhase section */

/* Begin PBXSourcesBuildPhase section */
		C80276832E3CE8A40079B1D1 /* Sources */ = {
			isa = PBXSourcesBuildPhase;
			buildActionMask = 2147483647;
			files = (
			);
			runOnlyForDeploymentPostprocessing = 0;
		};
		C80276932E3CE8A60079B1D1 /* Sources */ = {
			isa = PBXSourcesBuildPhase;
			buildActionMask = 2147483647;
			files = (
			);
			runOnlyForDeploymentPostprocessing = 0;
		};
		C802769D2E3CE8A60079B1D1 /* Sources */ = {
			isa = PBXSourcesBuildPhase;
			buildActionMask = 2147483647;
			files = (
			);
			runOnlyForDeploymentPostprocessing = 0;
		};
/* End PBXSourcesBuildPhase section */

/* Begin PBXTargetDependency section */
		C80276992E3CE8A60079B1D1 /* PBXTargetDependency */ = {
			isa = PBXTargetDependency;
			target = C80276862E3CE8A40079B1D1 /* LOTR-SwiftUI */;
			targetProxy = C80276982E3CE8A60079B1D1 /* PBXContainerItemProxy */;
		};
		C80276A32E3CE8A60079B1D1 /* PBXTargetDependency */ = {
			isa = PBXTargetDependency;
			target = C80276862E3CE8A40079B1D1 /* LOTR-SwiftUI */;
			targetProxy = C80276A22E3CE8A60079B1D1 /* PBXContainerItemProxy */;
		};
/* End PBXTargetDependency section */

/* Begin XCBuildConfiguration section */
		C80276A92E3CE8A70079B1D1 /* Debug */ = {
			isa = XCBuildConfiguration;
			buildSettings = {
				ALWAYS_SEARCH_USER_PATHS = NO;
				ASSETCATALOG_COMPILER_GENERATE_SWIFT_ASSET_SYMBOL_EXTENSIONS = YES;
				CLANG_ANALYZER_NONNULL = YES;
				CLANG_ANALYZER_NUMBER_OBJECT_CONVERSION = YES_AGGRESSIVE;
				CLANG_CXX_LANGUAGE_STANDARD = "gnu++20";
				CLANG_ENABLE_MODULES = YES;
				CLANG_ENABLE_OBJC_ARC = YES;
				CLANG_ENABLE_OBJC_WEAK = YES;
				CLANG_WARN_BLOCK_CAPTURE_AUTORELEASING = YES;
				CLANG_WARN_BOOL_CONVERSION = YES;
				CLANG_WARN_COMMA = YES;
				CLANG_WARN_CONSTANT_CONVERSION = YES;
				CLANG_WARN_DEPRECATED_OBJC_IMPLEMENTATIONS = YES;
				CLANG_WARN_DIRECT_OBJC_ISA_USAGE = YES_ERROR;
				CLANG_WARN_DOCUMENTATION_COMMENTS = YES;
				CLANG_WARN_EMPTY_BODY = YES;
				CLANG_WARN_ENUM_CONVERSION = YES;
				CLANG_WARN_INFINITE_RECURSION = YES;
				CLANG_WARN_INT_CONVERSION = YES;
				CLANG_WARN_NON_LITERAL_NULL_CONVERSION = YES;
				CLANG_WARN_OBJC_IMPLICIT_RETAIN_SELF = YES;
				CLANG_WARN_OBJC_LITERAL_CONVERSION = YES;
				CLANG_WARN_OBJC_ROOT_CLASS = YES_ERROR;
				CLANG_WARN_QUOTED_INCLUDE_IN_FRAMEWORK_HEADER = YES;
				CLANG_WARN_RANGE_LOOP_ANALYSIS = YES;
				CLANG_WARN_STRICT_PROTOTYPES = YES;
				CLANG_WARN_SUSPICIOUS_MOVE = YES;
				CLANG_WARN_UNGUARDED_AVAILABILITY = YES_AGGRESSIVE;
				CLANG_WARN_UNREACHABLE_CODE = YES;
				CLANG_WARN__DUPLICATE_METHOD_MATCH = YES;
				COPY_PHASE_STRIP = NO;
				DEBUG_INFORMATION_FORMAT = dwarf;
				ENABLE_STRICT_OBJC_MSGSEND = YES;
				ENABLE_TESTABILITY = YES;
				ENABLE_USER_SCRIPT_SANDBOXING = YES;
				GCC_C_LANGUAGE_STANDARD = gnu17;
				GCC_DYNAMIC_NO_PIC = NO;
				GCC_NO_COMMON_BLOCKS = YES;
				GCC_OPTIMIZATION_LEVEL = 0;
				GCC_PREPROCESSOR_DEFINITIONS = (
					"DEBUG=1",
					"$(inherited)",
				);
				GCC_WARN_64_TO_32_BIT_CONVERSION = YES;
				GCC_WARN_ABOUT_RETURN_TYPE = YES_ERROR;
				GCC_WARN_UNDECLARED_SELECTOR = YES;
				GCC_WARN_UNINITIALIZED_AUTOS = YES_AGGRESSIVE;
				GCC_WARN_UNUSED_FUNCTION = YES;
				GCC_WARN_UNUSED_VARIABLE = YES;
				IPHONEOS_DEPLOYMENT_TARGET = 18.1;
				LOCALIZATION_PREFERS_STRING_CATALOGS = YES;
				MTL_ENABLE_DEBUG_INFO = INCLUDE_SOURCE;
				MTL_FAST_MATH = YES;
				ONLY_ACTIVE_ARCH = YES;
				SDKROOT = iphoneos;
				SWIFT_ACTIVE_COMPILATION_CONDITIONS = "DEBUG $(inherited)";
				SWIFT_OPTIMIZATION_LEVEL = "-Onone";
			};
			name = Debug;
		};
		C80276AA2E3CE8A70079B1D1 /* Release */ = {
			isa = XCBuildConfiguration;
			buildSettings = {
				ALWAYS_SEARCH_USER_PATHS = NO;
				ASSETCATALOG_COMPILER_GENERATE_SWIFT_ASSET_SYMBOL_EXTENSIONS = YES;
				CLANG_ANALYZER_NONNULL = YES;
				CLANG_ANALYZER_NUMBER_OBJECT_CONVERSION = YES_AGGRESSIVE;
				CLANG_CXX_LANGUAGE_STANDARD = "gnu++20";
				CLANG_ENABLE_MODULES = YES;
				CLANG_ENABLE_OBJC_ARC = YES;
				CLANG_ENABLE_OBJC_WEAK = YES;
				CLANG_WARN_BLOCK_CAPTURE_AUTORELEASING = YES;
				CLANG_WARN_BOOL_CONVERSION = YES;
				CLANG_WARN_COMMA = YES;
				CLANG_WARN_CONSTANT_CONVERSION = YES;
				CLANG_WARN_DEPRECATED_OBJC_IMPLEMENTATIONS = YES;
				CLANG_WARN_DIRECT_OBJC_ISA_USAGE = YES_ERROR;
				CLANG_WARN_DOCUMENTATION_COMMENTS = YES;
				CLANG_WARN_EMPTY_BODY = YES;
				CLANG_WARN_ENUM_CONVERSION = YES;
				CLANG_WARN_INFINITE_RECURSION = YES;
				CLANG_WARN_INT_CONVERSION = YES;
				CLANG_WARN_NON_LITERAL_NULL_CONVERSION = YES;
				CLANG_WARN_OBJC_IMPLICIT_RETAIN_SELF = YES;
				CLANG_WARN_OBJC_LITERAL_CONVERSION = YES;
				CLANG_WARN_OBJC_ROOT_CLASS = YES_ERROR;
				CLANG_WARN_QUOTED_INCLUDE_IN_FRAMEWORK_HEADER = YES;
				CLANG_WARN_RANGE_LOOP_ANALYSIS = YES;
				CLANG_WARN_STRICT_PROTOTYPES = YES;
				CLANG_WARN_SUSPICIOUS_MOVE = YES;
				CLANG_WARN_UNGUARDED_AVAILABILITY = YES_AGGRESSIVE;
				CLANG_WARN_UNREACHABLE_CODE = YES;
				CLANG_WARN__DUPLICATE_METHOD_MATCH = YES;
				COPY_PHASE_STRIP = NO;
				DEBUG_INFORMATION_FORMAT = "dwarf-with-dsym";
				ENABLE_NS_ASSERTIONS = NO;
				ENABLE_STRICT_OBJC_MSGSEND = YES;
				ENABLE_USER_SCRIPT_SANDBOXING = YES;
				GCC_C_LANGUAGE_STANDARD = gnu17;
				GCC_NO_COMMON_BLOCKS = YES;
				GCC_WARN_64_TO_32_BIT_CONVERSION = YES;
				GCC_WARN_ABOUT_RETURN_TYPE = YES_ERROR;
				GCC_WARN_UNDECLARED_SELECTOR = YES;
				GCC_WARN_UNINITIALIZED_AUTOS = YES_AGGRESSIVE;
				GCC_WARN_UNUSED_FUNCTION = YES;
				GCC_WARN_UNUSED_VARIABLE = YES;
				IPHONEOS_DEPLOYMENT_TARGET = 18.1;
				LOCALIZATION_PREFERS_STRING_CATALOGS = YES;
				MTL_ENABLE_DEBUG_INFO = NO;
				MTL_FAST_MATH = YES;
				SDKROOT = iphoneos;
				SWIFT_COMPILATION_MODE = wholemodule;
				VALIDATE_PRODUCT = YES;
			};
			name = Release;
		};
		C80276AC2E3CE8A70079B1D1 /* Debug */ = {
			isa = XCBuildConfiguration;
			buildSettings = {
				ASSETCATALOG_COMPILER_APPICON_NAME = AppIcon;
				ASSETCATALOG_COMPILER_GLOBAL_ACCENT_COLOR_NAME = AccentColor;
				CODE_SIGN_STYLE = Automatic;
				CURRENT_PROJECT_VERSION = 1;
				DEVELOPMENT_ASSET_PATHS = "\"LOTR-SwiftUI/Preview Content\"";
				ENABLE_PREVIEWS = YES;
				GENERATE_INFOPLIST_FILE = YES;
				INFOPLIST_KEY_UIApplicationSceneManifest_Generation = YES;
				INFOPLIST_KEY_UIApplicationSupportsIndirectInputEvents = YES;
				INFOPLIST_KEY_UILaunchScreen_Generation = YES;
				INFOPLIST_KEY_UISupportedInterfaceOrientations_iPad = "UIInterfaceOrientationPortrait UIInterfaceOrientationPortraitUpsideDown UIInterfaceOrientationLandscapeLeft UIInterfaceOrientationLandscapeRight";
				INFOPLIST_KEY_UISupportedInterfaceOrientations_iPhone = "UIInterfaceOrientationPortrait UIInterfaceOrientationLandscapeLeft UIInterfaceOrientationLandscapeRight";
				LD_RUNPATH_SEARCH_PATHS = (
					"$(inherited)",
					"@executable_path/Frameworks",
				);
				MARKETING_VERSION = 1.0;
				PRODUCT_BUNDLE_IDENTIFIER = "demo.org.LOTR-SwiftUI";
				PRODUCT_NAME = "$(TARGET_NAME)";
				SWIFT_EMIT_LOC_STRINGS = YES;
				SWIFT_VERSION = 5.0;
				TARGETED_DEVICE_FAMILY = "1,2";
			};
			name = Debug;
		};
		C80276AD2E3CE8A70079B1D1 /* Release */ = {
			isa = XCBuildConfiguration;
			buildSettings = {
				ASSETCATALOG_COMPILER_APPICON_NAME = AppIcon;
				ASSETCATALOG_COMPILER_GLOBAL_ACCENT_COLOR_NAME = AccentColor;
				CODE_SIGN_STYLE = Automatic;
				CURRENT_PROJECT_VERSION = 1;
				DEVELOPMENT_ASSET_PATHS = "\"LOTR-SwiftUI/Preview Content\"";
				ENABLE_PREVIEWS = YES;
				GENERATE_INFOPLIST_FILE = YES;
				INFOPLIST_KEY_UIApplicationSceneManifest_Generation = YES;
				INFOPLIST_KEY_UIApplicationSupportsIndirectInputEvents = YES;
				INFOPLIST_KEY_UILaunchScreen_Generation = YES;
				INFOPLIST_KEY_UISupportedInterfaceOrientations_iPad = "UIInterfaceOrientationPortrait UIInterfaceOrientationPortraitUpsideDown UIInterfaceOrientationLandscapeLeft UIInterfaceOrientationLandscapeRight";
				INFOPLIST_KEY_UISupportedInterfaceOrientations_iPhone = "UIInterfaceOrientationPortrait UIInterfaceOrientationLandscapeLeft UIInterfaceOrientationLandscapeRight";
				LD_RUNPATH_SEARCH_PATHS = (
					"$(inherited)",
					"@executable_path/Frameworks",
				);
				MARKETING_VERSION = 1.0;
				PRODUCT_BUNDLE_IDENTIFIER = "demo.org.LOTR-SwiftUI";
				PRODUCT_NAME = "$(TARGET_NAME)";
				SWIFT_EMIT_LOC_STRINGS = YES;
				SWIFT_VERSION = 5.0;
				TARGETED_DEVICE_FAMILY = "1,2";
			};
			name = Release;
		};
		C80276AF2E3CE8A70079B1D1 /* Debug */ = {
			isa = XCBuildConfiguration;
			buildSettings = {
				BUNDLE_LOADER = "$(TEST_HOST)";
				CODE_SIGN_STYLE = Automatic;
				CURRENT_PROJECT_VERSION = 1;
				GENERATE_INFOPLIST_FILE = YES;
				IPHONEOS_DEPLOYMENT_TARGET = 18.1;
				MARKETING_VERSION = 1.0;
				PRODUCT_BUNDLE_IDENTIFIER = "demo.org.LOTR-SwiftUITests";
				PRODUCT_NAME = "$(TARGET_NAME)";
				SWIFT_EMIT_LOC_STRINGS = NO;
				SWIFT_VERSION = 5.0;
				TARGETED_DEVICE_FAMILY = "1,2";
				TEST_HOST = "$(BUILT_PRODUCTS_DIR)/LOTR-SwiftUI.app/$(BUNDLE_EXECUTABLE_FOLDER_PATH)/LOTR-SwiftUI";
			};
			name = Debug;
		};
		C80276B02E3CE8A70079B1D1 /* Release */ = {
			isa = XCBuildConfiguration;
			buildSettings = {
				BUNDLE_LOADER = "$(TEST_HOST)";
				CODE_SIGN_STYLE = Automatic;
				CURRENT_PROJECT_VERSION = 1;
				GENERATE_INFOPLIST_FILE = YES;
				IPHONEOS_DEPLOYMENT_TARGET = 18.1;
				MARKETING_VERSION = 1.0;
				PRODUCT_BUNDLE_IDENTIFIER = "demo.org.LOTR-SwiftUITests";
				PRODUCT_NAME = "$(TARGET_NAME)";
				SWIFT_EMIT_LOC_STRINGS = NO;
				SWIFT_VERSION = 5.0;
				TARGETED_DEVICE_FAMILY = "1,2";
				TEST_HOST = "$(BUILT_PRODUCTS_DIR)/LOTR-SwiftUI.app/$(BUNDLE_EXECUTABLE_FOLDER_PATH)/LOTR-SwiftUI";
			};
			name = Release;
		};
		C80276B22E3CE8A70079B1D1 /* Debug */ = {
			isa = XCBuildConfiguration;
			buildSettings = {
				CODE_SIGN_STYLE = Automatic;
				CURRENT_PROJECT_VERSION = 1;
				GENERATE_INFOPLIST_FILE = YES;
				MARKETING_VERSION = 1.0;
				PRODUCT_BUNDLE_IDENTIFIER = "demo.org.LOTR-SwiftUIUITests";
				PRODUCT_NAME = "$(TARGET_NAME)";
				SWIFT_EMIT_LOC_STRINGS = NO;
				SWIFT_VERSION = 5.0;
				TARGETED_DEVICE_FAMILY = "1,2";
				TEST_TARGET_NAME = "LOTR-SwiftUI";
			};
			name = Debug;
		};
		C80276B32E3CE8A70079B1D1 /* Release */ = {
			isa = XCBuildConfiguration;
			buildSettings = {
				CODE_SIGN_STYLE = Automatic;
				CURRENT_PROJECT_VERSION = 1;
				GENERATE_INFOPLIST_FILE = YES;
				MARKETING_VERSION = 1.0;
				PRODUCT_BUNDLE_IDENTIFIER = "demo.org.LOTR-SwiftUIUITests";
				PRODUCT_NAME = "$(TARGET_NAME)";
				SWIFT_EMIT_LOC_STRINGS = NO;
				SWIFT_VERSION = 5.0;
				TARGETED_DEVICE_FAMILY = "1,2";
				TEST_TARGET_NAME = "LOTR-SwiftUI";
			};
			name = Release;
		};
/* End XCBuildConfiguration section */

/* Begin XCConfigurationList section */
		C80276822E3CE8A40079B1D1 /* Build configuration list for PBXProject "LOTR-SwiftUI" */ = {
			isa = XCConfigurationList;
			buildConfigurations = (
				C80276A92E3CE8A70079B1D1 /* Debug */,
				C80276AA2E3CE8A70079B1D1 /* Release */,
			);
			defaultConfigurationIsVisible = 0;
			defaultConfigurationName = Release;
		};
		C80276AB2E3CE8A70079B1D1 /* Build configuration list for PBXNativeTarget "LOTR-SwiftUI" */ = {
			isa = XCConfigurationList;
			buildConfigurations = (
				C80276AC2E3CE8A70079B1D1 /* Debug */,
				C80276AD2E3CE8A70079B1D1 /* Release */,
			);
			defaultConfigurationIsVisible = 0;
			defaultConfigurationName = Release;
		};
		C80276AE2E3CE8A70079B1D1 /* Build configuration list for PBXNativeTarget "LOTR-SwiftUITests" */ = {
			isa = XCConfigurationList;
			buildConfigurations = (
				C80276AF2E3CE8A70079B1D1 /* Debug */,
				C80276B02E3CE8A70079B1D1 /* Release */,
			);
			defaultConfigurationIsVisible = 0;
			defaultConfigurationName = Release;
		};
		C80276B12E3CE8A70079B1D1 /* Build configuration list for PBXNativeTarget "LOTR-SwiftUIUITests" */ = {
			isa = XCConfigurationList;
			buildConfigurations = (
				C80276B22E3CE8A70079B1D1 /* Debug */,
				C80276B32E3CE8A70079B1D1 /* Release */,
			);
			defaultConfigurationIsVisible = 0;
			defaultConfigurationName = Release;
		};
/* End XCConfigurationList section */
	};
	rootObject = C802767F2E3CE8A40079B1D1 /* Project object */;
}
